github.com/ThomasK81/gocite v0.0.0-20200703112544-785f5b9bd278 h1:BKOanFOC9hCpw5KmHiJOvNpyEM0uHY5HVpNz0NLufks=
github.com/ThomasK81/gocite v0.0.0-20200703112544-785f5b9bd278/go.mod h1:Y0KrHgz5VG09rUAQ5ZOYNTu++VqEgUS3i15Q82Kmkv4=
github.com/go-chi/chi/v5 v5.3.0 h1:halUjDxhshgXHMrao5bB8eNBXo/rnzwr8m5m36glehM=
github.com/go-chi/chi/v5 v5.3.0/go.mod h1:R+tYY2hNuVUUjxoPtqUdgBqevM9s9njzkTLutVsOCto=
github.com/go-chi/cors v1.2.2 h1:Jmey33TE+b+rB7fT8MUy1u0I4L+NARQlK6LhzKPSyQE=
github.com/go-chi/cors v1.2.2/go.mod h1:sSbTewc+6wYHBBCW7ytsFSn836hqM7JxpglAy2Vzc58=
golang.org/x/text v0.38.0 h1:sXmwo9DwP3OK9EZ7PqAdaooSGozfl/3a6/xJcbzPRhE=
golang.org/x/text v0.38.0/go.mod h1:YXZt3QhHUKYT53r2lLKFIVi6Ao1jdzrTR/KQ09qyxF4=
